// !$*UTF8*$!
{
	archiveVersion = 1;
	classes = {
	};
	objectVersion = 50;
	objects = {

/* Begin PBXBuildFile section */
		C37AB9932695B7DB00532026 /* AppDelegate.swift in Sources */ = {isa = PBXBuildFile; fileRef = C37AB9922695B7DB00532026 /* AppDelegate.swift */; };
		C37AB9972695B7DC00532026 /* Assets.xcassets in Resources */ = {isa = PBXBuildFile; fileRef = C37AB9962695B7DC00532026 /* Assets.xcassets */; };
		C37AB99A2695B7DC00532026 /* Main.storyboard in Resources */ = {isa = PBXBuildFile; fileRef = C37AB9982695B7DC00532026 /* Main.storyboard */; };
		C37AB9A32695B85C00532026 /* SplitViewController.swift in Sources */ = {isa = PBXBuildFile; fileRef = C37AB9A22695B85C00532026 /* SplitViewController.swift */; };
		C37AB9A52695B89200532026 /* OptionsViewController.swift in Sources */ = {isa = PBXBuildFile; fileRef = C37AB9A42695B89200532026 /* OptionsViewController.swift */; };
		C37AB9AB2695B8D700532026 /* MetalViewController.swift in Sources */ = {isa = PBXBuildFile; fileRef = C37AB9AA2695B8D700532026 /* MetalViewController.swift */; };
		C37AB9AD2696E5F000532026 /* Renderer.swift in Sources */ = {isa = PBXBuildFile; fileRef = C37AB9AC2696E5F000532026 /* Renderer.swift */; };
		C37AB9AF2696E7F100532026 /* Shaders.metal in Sources */ = {isa = PBXBuildFile; fileRef = C37AB9AE2696E7F100532026 /* Shaders.metal */; };
		C37AB9B12696EC5D00532026 /* WindowController.swift in Sources */ = {isa = PBXBuildFile; fileRef = C37AB9B02696EC5D00532026 /* WindowController.swift */; };
		C37AB9B32696EEE000532026 /* Cube.swift in Sources */ = {isa = PBXBuildFile; fileRef = C37AB9B22696EEE000532026 /* Cube.swift */; };
		C37AB9B52696F65A00532026 /* simd+matrices.swift in Sources */ = {isa = PBXBuildFile; fileRef = C37AB9B42696F65A00532026 /* simd+matrices.swift */; };
		C37AB9B72696FAD200532026 /* Camera.swift in Sources */ = {isa = PBXBuildFile; fileRef = C37AB9B62696FAD200532026 /* Camera.swift */; };
/* End PBXBuildFile section */

/* Begin PBXFileReference section */
		C37AB98F2695B7DB00532026 /* MetalRendererTests.app */ = {isa = PBXFileReference; explicitFileType = wrapper.application; includeInIndex = 0; path = MetalRendererTests.app; sourceTree = BUILT_PRODUCTS_DIR; };
		C37AB9922695B7DB00532026 /* AppDelegate.swift */ = {isa = PBXFileReference; lastKnownFileType = sourcecode.swift; path = AppDelegate.swift; sourceTree = "<group>"; };
		C37AB9962695B7DC00532026 /* Assets.xcassets */ = {isa = PBXFileReference; lastKnownFileType = folder.assetcatalog; path = Assets.xcassets; sourceTree = "<group>"; };
		C37AB9992695B7DC00532026 /* Base */ = {isa = PBXFileReference; lastKnownFileType = file.storyboard; name = Base; path = Base.lproj/Main.storyboard; sourceTree = "<group>"; };
		C37AB99B2695B7DC00532026 /* Info.plist */ = {isa = PBXFileReference; lastKnownFileType = text.plist.xml; path = Info.plist; sourceTree = "<group>"; };
		C37AB99C2695B7DC00532026 /* MetalRendererTests.entitlements */ = {isa = PBXFileReference; lastKnownFileType = text.plist.entitlements; path = MetalRendererTests.entitlements; sourceTree = "<group>"; };
		C37AB9A22695B85C00532026 /* SplitViewController.swift */ = {isa = PBXFileReference; lastKnownFileType = sourcecode.swift; path = SplitViewController.swift; sourceTree = "<group>"; };
		C37AB9A42695B89200532026 /* OptionsViewController.swift */ = {isa = PBXFileReference; lastKnownFileType = sourcecode.swift; path = OptionsViewController.swift; sourceTree = "<group>"; };
		C37AB9AA2695B8D700532026 /* MetalViewController.swift */ = {isa = PBXFileReference; lastKnownFileType = sourcecode.swift; path = MetalViewController.swift; sourceTree = "<group>"; };
		C37AB9AC2696E5F000532026 /* Renderer.swift */ = {isa = PBXFileReference; lastKnownFileType = sourcecode.swift; path = Renderer.swift; sourceTree = "<group>"; };
		C37AB9AE2696E7F100532026 /* Shaders.metal */ = {isa = PBXFileReference; lastKnownFileType = sourcecode.metal; path = Shaders.metal; sourceTree = "<group>"; };
		C37AB9B02696EC5D00532026 /* WindowController.swift */ = {isa = PBXFileReference; lastKnownFileType = sourcecode.swift; path = WindowController.swift; sourceTree = "<group>"; };
		C37AB9B22696EEE000532026 /* Cube.swift */ = {isa = PBXFileReference; lastKnownFileType = sourcecode.swift; path = Cube.swift; sourceTree = "<group>"; };
		C37AB9B42696F65A00532026 /* simd+matrices.swift */ = {isa = PBXFileReference; lastKnownFileType = sourcecode.swift; path = "simd+matrices.swift"; sourceTree = "<group>"; };
		C37AB9B62696FAD200532026 /* Camera.swift */ = {isa = PBXFileReference; lastKnownFileType = sourcecode.swift; path = Camera.swift; sourceTree = "<group>"; };
/* End PBXFileReference section */

/* Begin PBXFrameworksBuildPhase section */
		C37AB98C2695B7DB00532026 /* Frameworks */ = {
			isa = PBXFrameworksBuildPhase;
			buildActionMask = 2147483647;
			files = (
			);
			runOnlyForDeploymentPostprocessing = 0;
		};
/* End PBXFrameworksBuildPhase section */

/* Begin PBXGroup section */
		C37AB9862695B7DB00532026 = {
			isa = PBXGroup;
			children = (
				C37AB9912695B7DB00532026 /* MetalRendererTests */,
				C37AB9902695B7DB00532026 /* Products */,
			);
			sourceTree = "<group>";
		};
		C37AB9902695B7DB00532026 /* Products */ = {
			isa = PBXGroup;
			children = (
				C37AB98F2695B7DB00532026 /* MetalRendererTests.app */,
			);
			name = Products;
			sourceTree = "<group>";
		};
		C37AB9912695B7DB00532026 /* MetalRendererTests */ = {
			isa = PBXGroup;
			children = (
				C37AB9922695B7DB00532026 /* AppDelegate.swift */,
				C37AB9962695B7DC00532026 /* Assets.xcassets */,
				C37AB9982695B7DC00532026 /* Main.storyboard */,
				C37AB99B2695B7DC00532026 /* Info.plist */,
				C37AB99C2695B7DC00532026 /* MetalRendererTests.entitlements */,
				C37AB9B42696F65A00532026 /* simd+matrices.swift */,
				C37AB9B02696EC5D00532026 /* WindowController.swift */,
				C37AB9A22695B85C00532026 /* SplitViewController.swift */,
				C37AB9A42695B89200532026 /* OptionsViewController.swift */,
				C37AB9AA2695B8D700532026 /* MetalViewController.swift */,
				C37AB9AC2696E5F000532026 /* Renderer.swift */,
				C37AB9B62696FAD200532026 /* Camera.swift */,
				C37AB9AE2696E7F100532026 /* Shaders.metal */,
				C37AB9B22696EEE000532026 /* Cube.swift */,
			);
			path = MetalRendererTests;
			sourceTree = "<group>";
		};
/* End PBXGroup section */

/* Begin PBXNativeTarget section */
		C37AB98E2695B7DB00532026 /* MetalRendererTests */ = {
			isa = PBXNativeTarget;
			buildConfigurationList = C37AB99F2695B7DC00532026 /* Build configuration list for PBXNativeTarget "MetalRendererTests" */;
			buildPhases = (
				C37AB98B2695B7DB00532026 /* Sources */,
				C37AB98C2695B7DB00532026 /* Frameworks */,
				C37AB98D2695B7DB00532026 /* Resources */,
			);
			buildRules = (
			);
			dependencies = (
			);
			name = MetalRendererTests;
			productName = MetalRendererTests;
			productReference = C37AB98F2695B7DB00532026 /* MetalRendererTests.app */;
			productType = "com.apple.product-type.application";
		};
/* End PBXNativeTarget section */

/* Begin PBXProject section */
		C37AB9872695B7DB00532026 /* Project object */ = {
			isa = PBXProject;
			attributes = {
				LastSwiftUpdateCheck = 1250;
				LastUpgradeCheck = 1250;
				TargetAttributes = {
					C37AB98E2695B7DB00532026 = {
						CreatedOnToolsVersion = 12.5.1;
					};
				};
			};
			buildConfigurationList = C37AB98A2695B7DB00532026 /* Build configuration list for PBXProject "MetalRendererTests" */;
			compatibilityVersion = "Xcode 9.3";
			developmentRegion = en;
			hasScannedForEncodings = 0;
			knownRegions = (
				en,
				Base,
			);
			mainGroup = C37AB9862695B7DB00532026;
			productRefGroup = C37AB9902695B7DB00532026 /* Products */;
			projectDirPath = "";
			projectRoot = "";
			targets = (
				C37AB98E2695B7DB00532026 /* MetalRendererTests */,
			);
		};
/* End PBXProject section */

/* Begin PBXResourcesBuildPhase section */
		C37AB98D2695B7DB00532026 /* Resources */ = {
			isa = PBXResourcesBuildPhase;
			buildActionMask = 2147483647;
			files = (
				C37AB9972695B7DC00532026 /* Assets.xcassets in Resources */,
				C37AB99A2695B7DC00532026 /* Main.storyboard in Resources */,
			);
			runOnlyForDeploymentPostprocessing = 0;
		};
/* End PBXResourcesBuildPhase section */

/* Begin PBXSourcesBuildPhase section */
		C37AB98B2695B7DB00532026 /* Sources */ = {
			isa = PBXSourcesBuildPhase;
			buildActionMask = 2147483647;
			files = (
				C37AB9AF2696E7F100532026 /* Shaders.metal in Sources */,
				C37AB9A52695B89200532026 /* OptionsViewController.swift in Sources */,
				C37AB9932695B7DB00532026 /* AppDelegate.swift in Sources */,
				C37AB9B12696EC5D00532026 /* WindowController.swift in Sources */,
				C37AB9B32696EEE000532026 /* Cube.swift in Sources */,
				C37AB9AB2695B8D700532026 /* MetalViewController.swift in Sources */,
				C37AB9B72696FAD200532026 /* Camera.swift in Sources */,
				C37AB9B52696F65A00532026 /* simd+matrices.swift in Sources */,
				C37AB9AD2696E5F000532026 /* Renderer.swift in Sources */,
				C37AB9A32695B85C00532026 /* SplitViewController.swift in Sources */,
			);
			runOnlyForDeploymentPostprocessing = 0;
		};
/* End PBXSourcesBuildPhase section */

/* Begin PBXVariantGroup section */
		C37AB9982695B7DC00532026 /* Main.storyboard */ = {
			isa = PBXVariantGroup;
			children = (
				C37AB9992695B7DC00532026 /* Base */,
			);
			name = Main.storyboard;
			sourceTree = "<group>";
		};
/* End PBXVariantGroup section */

/* Begin XCBuildConfiguration section */
		C37AB99D2695B7DC00532026 /* Debug */ = {
			isa = XCBuildConfiguration;
			buildSettings = {
				ALWAYS_SEARCH_USER_PATHS = NO;
				CLANG_ANALYZER_NONNULL = YES;
				CLANG_ANALYZER_NUMBER_OBJECT_CONVERSION = YES_AGGRESSIVE;
				CLANG_CXX_LANGUAGE_STANDARD = "gnu++14";
				CLANG_CXX_LIBRARY = "libc++";
				CLANG_ENABLE_MODULES = YES;
				CLANG_ENABLE_OBJC_ARC = YES;
				CLANG_ENABLE_OBJC_WEAK = YES;
				CLANG_WARN_BLOCK_CAPTURE_AUTORELEASING = YES;
				CLANG_WARN_BOOL_CONVERSION = YES;
				CLANG_WARN_COMMA = YES;
				CLANG_WARN_CONSTANT_CONVERSION = YES;
				CLANG_WARN_DEPRECATED_OBJC_IMPLEMENTATIONS = YES;
				CLANG_WARN_DIRECT_OBJC_ISA_USAGE = YES_ERROR;
				CLANG_WARN_DOCUMENTATION_COMMENTS = YES;
				CLANG_WARN_EMPTY_BODY = YES;
				CLANG_WARN_ENUM_CONVERSION = YES;
				CLANG_WARN_INFINITE_RECURSION = YES;
				CLANG_WARN_INT_CONVERSION = YES;
				CLANG_WARN_NON_LITERAL_NULL_CONVERSION = YES;
				CLANG_WARN_OBJC_IMPLICIT_RETAIN_SELF = YES;
				CLANG_WARN_OBJC_LITERAL_CONVERSION = YES;
				CLANG_WARN_OBJC_ROOT_CLASS = YES_ERROR;
				CLANG_WARN_QUOTED_INCLUDE_IN_FRAMEWORK_HEADER = YES;
				CLANG_WARN_RANGE_LOOP_ANALYSIS = YES;
				CLANG_WARN_STRICT_PROTOTYPES = YES;
				CLANG_WARN_SUSPICIOUS_MOVE = YES;
				CLANG_WARN_UNGUARDED_AVAILABILITY = YES_AGGRESSIVE;
				CLANG_WARN_UNREACHABLE_CODE = YES;
				CLANG_WARN__DUPLICATE_METHOD_MATCH = YES;
				COPY_PHASE_STRIP = NO;
				DEBUG_INFORMATION_FORMAT = dwarf;
				ENABLE_STRICT_OBJC_MSGSEND = YES;
				ENABLE_TESTABILITY = YES;
				GCC_C_LANGUAGE_STANDARD = gnu11;
				GCC_DYNAMIC_NO_PIC = NO;
				GCC_NO_COMMON_BLOCKS = YES;
				GCC_OPTIMIZATION_LEVEL = 0;
				GCC_PREPROCESSOR_DEFINITIONS = (
					"DEBUG=1",
					"$(inherited)",
				);
				GCC_WARN_64_TO_32_BIT_CONVERSION = YES;
				GCC_WARN_ABOUT_RETURN_TYPE = YES_ERROR;
				GCC_WARN_UNDECLARED_SELECTOR = YES;
				GCC_WARN_UNINITIALIZED_AUTOS = YES_AGGRESSIVE;
				GCC_WARN_UNUSED_FUNCTION = YES;
				GCC_WARN_UNUSED_VARIABLE = YES;
				MACOSX_DEPLOYMENT_TARGET = 11.3;
				MTL_ENABLE_DEBUG_INFO = INCLUDE_SOURCE;
				MTL_FAST_MATH = YES;
				ONLY_ACTIVE_ARCH = YES;
				SDKROOT = macosx;
				SWIFT_ACTIVE_COMPILATION_CONDITIONS = DEBUG;
				SWIFT_OPTIMIZATION_LEVEL = "-Onone";
			};
			name = Debug;
		};
		C37AB99E2695B7DC00532026 /* Release */ = {
			isa = XCBuildConfiguration;
			buildSettings = {
				ALWAYS_SEARCH_USER_PATHS = NO;
				CLANG_ANALYZER_NONNULL = YES;
				CLANG_ANALYZER_NUMBER_OBJECT_CONVERSION = YES_AGGRESSIVE;
				CLANG_CXX_LANGUAGE_STANDARD = "gnu++14";
				CLANG_CXX_LIBRARY = "libc++";
				CLANG_ENABLE_MODULES = YES;
				CLANG_ENABLE_OBJC_ARC = YES;
				CLANG_ENABLE_OBJC_WEAK = YES;
				CLANG_WARN_BLOCK_CAPTURE_AUTORELEASING = YES;
				CLANG_WARN_BOOL_CONVERSION = YES;
				CLANG_WARN_COMMA = YES;
				CLANG_WARN_CONSTANT_CONVERSION = YES;
				CLANG_WARN_DEPRECATED_OBJC_IMPLEMENTATIONS = YES;
				CLANG_WARN_DIRECT_OBJC_ISA_USAGE = YES_ERROR;
				CLANG_WARN_DOCUMENTATION_COMMENTS = YES;
				CLANG_WARN_EMPTY_BODY = YES;
				CLANG_WARN_ENUM_CONVERSION = YES;
				CLANG_WARN_INFINITE_RECURSION = YES;
				CLANG_WARN_INT_CONVERSION = YES;
				CLANG_WARN_NON_LITERAL_NULL_CONVERSION = YES;
				CLANG_WARN_OBJC_IMPLICIT_RETAIN_SELF = YES;
				CLANG_WARN_OBJC_LITERAL_CONVERSION = YES;
				CLANG_WARN_OBJC_ROOT_CLASS = YES_ERROR;
				CLANG_WARN_QUOTED_INCLUDE_IN_FRAMEWORK_HEADER = YES;
				CLANG_WARN_RANGE_LOOP_ANALYSIS = YES;
				CLANG_WARN_STRICT_PROTOTYPES = YES;
				CLANG_WARN_SUSPICIOUS_MOVE = YES;
				CLANG_WARN_UNGUARDED_AVAILABILITY = YES_AGGRESSIVE;
				CLANG_WARN_UNREACHABLE_CODE = YES;
				CLANG_WARN__DUPLICATE_METHOD_MATCH = YES;
				COPY_PHASE_STRIP = NO;
				DEBUG_INFORMATION_FORMAT = "dwarf-with-dsym";
				ENABLE_NS_ASSERTIONS = NO;
				ENABLE_STRICT_OBJC_MSGSEND = YES;
				GCC_C_LANGUAGE_STANDARD = gnu11;
				GCC_NO_COMMON_BLOCKS = YES;
				GCC_WARN_64_TO_32_BIT_CONVERSION = YES;
				GCC_WARN_ABOUT_RETURN_TYPE = YES_ERROR;
				GCC_WARN_UNDECLARED_SELECTOR = YES;
				GCC_WARN_UNINITIALIZED_AUTOS = YES_AGGRESSIVE;
				GCC_WARN_UNUSED_FUNCTION = YES;
				GCC_WARN_UNUSED_VARIABLE = YES;
				MACOSX_DEPLOYMENT_TARGET = 11.3;
				MTL_ENABLE_DEBUG_INFO = NO;
				MTL_FAST_MATH = YES;
				SDKROOT = macosx;
				SWIFT_COMPILATION_MODE = wholemodule;
				SWIFT_OPTIMIZATION_LEVEL = "-O";
			};
			name = Release;
		};
		C37AB9A02695B7DC00532026 /* Debug */ = {
			isa = XCBuildConfiguration;
			buildSettings = {
				ASSETCATALOG_COMPILER_APPICON_NAME = AppIcon;
				ASSETCATALOG_COMPILER_GLOBAL_ACCENT_COLOR_NAME = AccentColor;
				CODE_SIGN_ENTITLEMENTS = MetalRendererTests/MetalRendererTests.entitlements;
				CODE_SIGN_STYLE = Automatic;
				COMBINE_HIDPI_IMAGES = YES;
				DEVELOPMENT_TEAM = 8VL2637SNM;
				ENABLE_HARDENED_RUNTIME = YES;
				INFOPLIST_FILE = MetalRendererTests/Info.plist;
				LD_RUNPATH_SEARCH_PATHS = (
					"$(inherited)",
					"@executable_path/../Frameworks",
				);
				PRODUCT_BUNDLE_IDENTIFIER = uk.org.passback.MetalRendererTests;
				PRODUCT_NAME = "$(TARGET_NAME)";
				SWIFT_VERSION = 5.0;
			};
			name = Debug;
		};
		C37AB9A12695B7DC00532026 /* Release */ = {
			isa = XCBuildConfiguration;
			buildSettings = {
				ASSETCATALOG_COMPILER_APPICON_NAME = AppIcon;
				ASSETCATALOG_COMPILER_GLOBAL_ACCENT_COLOR_NAME = AccentColor;
				CODE_SIGN_ENTITLEMENTS = MetalRendererTests/MetalRendererTests.entitlements;
				CODE_SIGN_STYLE = Automatic;
				COMBINE_HIDPI_IMAGES = YES;
				DEVELOPMENT_TEAM = 8VL2637SNM;
				ENABLE_HARDENED_RUNTIME = YES;
				INFOPLIST_FILE = MetalRendererTests/Info.plist;
				LD_RUNPATH_SEARCH_PATHS = (
					"$(inherited)",
					"@executable_path/../Frameworks",
				);
				PRODUCT_BUNDLE_IDENTIFIER = uk.org.passback.MetalRendererTests;
				PRODUCT_NAME = "$(TARGET_NAME)";
				SWIFT_VERSION = 5.0;
			};
			name = Release;
		};
/* End XCBuildConfiguration section */

/* Begin XCConfigurationList section */
		C37AB98A2695B7DB00532026 /* Build configuration list for PBXProject "MetalRendererTests" */ = {
			isa = XCConfigurationList;
			buildConfigurations = (
				C37AB99D2695B7DC00532026 /* Debug */,
				C37AB99E2695B7DC00532026 /* Release */,
			);
			defaultConfigurationIsVisible = 0;
			defaultConfigurationName = Release;
		};
		C37AB99F2695B7DC00532026 /* Build configuration list for PBXNativeTarget "MetalRendererTests" */ = {
			isa = XCConfigurationList;
			buildConfigurations = (
				C37AB9A02695B7DC00532026 /* Debug */,
				C37AB9A12695B7DC00532026 /* Release */,
			);
			defaultConfigurationIsVisible = 0;
			defaultConfigurationName = Release;
		};
/* End XCConfigurationList section */
	};
	rootObject = C37AB9872695B7DB00532026 /* Project object */;
}
